// !$*UTF8*$!
{
	archiveVersion = 1;
	classes = {
	};
	objectVersion = 50;
	objects = {

/* Begin PBXBuildFile section */
		D158FF3523AFD17F0053E41E /* AppDelegate.swift in Sources */ = {isa = PBXBuildFile; fileRef = D158FF3423AFD17F0053E41E /* AppDelegate.swift */; };
		D158FF3723AFD17F0053E41E /* SceneDelegate.swift in Sources */ = {isa = PBXBuildFile; fileRef = D158FF3623AFD17F0053E41E /* SceneDelegate.swift */; };
		D158FF3923AFD17F0053E41E /* ViewController.swift in Sources */ = {isa = PBXBuildFile; fileRef = D158FF3823AFD17F0053E41E /* ViewController.swift */; };
		D158FF3C23AFD17F0053E41E /* Main.storyboard in Resources */ = {isa = PBXBuildFile; fileRef = D158FF3A23AFD17F0053E41E /* Main.storyboard */; };
		D158FF3E23AFD17F0053E41E /* Assets.xcassets in Resources */ = {isa = PBXBuildFile; fileRef = D158FF3D23AFD17F0053E41E /* Assets.xcassets */; };
		D158FF4123AFD17F0053E41E /* LaunchScreen.storyboard in Resources */ = {isa = PBXBuildFile; fileRef = D158FF3F23AFD17F0053E41E /* LaunchScreen.storyboard */; };
		D158FF4C23AFD17F0053E41E /* CalculatorTests.swift in Sources */ = {isa = PBXBuildFile; fileRef = D158FF4B23AFD17F0053E41E /* CalculatorTests.swift */; };
		D158FF5723AFD1800053E41E /* CalculatorUITests.swift in Sources */ = {isa = PBXBuildFile; fileRef = D158FF5623AFD1800053E41E /* CalculatorUITests.swift */; };
/* End PBXBuildFile section */

/* Begin PBXContainerItemProxy section */
		D158FF4823AFD17F0053E41E /* PBXContainerItemProxy */ = {
			isa = PBXContainerItemProxy;
			containerPortal = D158FF2923AFD17F0053E41E /* Project object */;
			proxyType = 1;
			remoteGlobalIDString = D158FF3023AFD17F0053E41E;
			remoteInfo = Calculator;
		};
		D158FF5323AFD1800053E41E /* PBXContainerItemProxy */ = {
			isa = PBXContainerItemProxy;
			containerPortal = D158FF2923AFD17F0053E41E /* Project object */;
			proxyType = 1;
			remoteGlobalIDString = D158FF3023AFD17F0053E41E;
			remoteInfo = Calculator;
		};
/* End PBXContainerItemProxy section */

/* Begin PBXFileReference section */
		D158FF3123AFD17F0053E41E /* Calculator.app */ = {isa = PBXFileReference; explicitFileType = wrapper.application; includeInIndex = 0; path = Calculator.app; sourceTree = BUILT_PRODUCTS_DIR; };
		D158FF3423AFD17F0053E41E /* AppDelegate.swift */ = {isa = PBXFileReference; lastKnownFileType = sourcecode.swift; path = AppDelegate.swift; sourceTree = "<group>"; };
		D158FF3623AFD17F0053E41E /* SceneDelegate.swift */ = {isa = PBXFileReference; lastKnownFileType = sourcecode.swift; path = SceneDelegate.swift; sourceTree = "<group>"; };
		D158FF3823AFD17F0053E41E /* ViewController.swift */ = {isa = PBXFileReference; lastKnownFileType = sourcecode.swift; path = ViewController.swift; sourceTree = "<group>"; };
		D158FF3B23AFD17F0053E41E /* Base */ = {isa = PBXFileReference; lastKnownFileType = file.storyboard; name = Base; path = Base.lproj/Main.storyboard; sourceTree = "<group>"; };
		D158FF3D23AFD17F0053E41E /* Assets.xcassets */ = {isa = PBXFileReference; lastKnownFileType = folder.assetcatalog; path = Assets.xcassets; sourceTree = "<group>"; };
		D158FF4023AFD17F0053E41E /* Base */ = {isa = PBXFileReference; lastKnownFileType = file.storyboard; name = Base; path = Base.lproj/LaunchScreen.storyboard; sourceTree = "<group>"; };
		D158FF4223AFD17F0053E41E /* Info.plist */ = {isa = PBXFileReference; lastKnownFileType = text.plist.xml; path = Info.plist; sourceTree = "<group>"; };
		D158FF4723AFD17F0053E41E /* CalculatorTests.xctest */ = {isa = PBXFileReference; explicitFileType = wrapper.cfbundle; includeInIndex = 0; path = CalculatorTests.xctest; sourceTree = BUILT_PRODUCTS_DIR; };
		D158FF4B23AFD17F0053E41E /* CalculatorTests.swift */ = {isa = PBXFileReference; lastKnownFileType = sourcecode.swift; path = CalculatorTests.swift; sourceTree = "<group>"; };
		D158FF4D23AFD17F0053E41E /* Info.plist */ = {isa = PBXFileReference; lastKnownFileType = text.plist.xml; path = Info.plist; sourceTree = "<group>"; };
		D158FF5223AFD1800053E41E /* CalculatorUITests.xctest */ = {isa = PBXFileReference; explicitFileType = wrapper.cfbundle; includeInIndex = 0; path = CalculatorUITests.xctest; sourceTree = BUILT_PRODUCTS_DIR; };
		D158FF5623AFD1800053E41E /* CalculatorUITests.swift */ = {isa = PBXFileReference; lastKnownFileType = sourcecode.swift; path = CalculatorUITests.swift; sourceTree = "<group>"; };
		D158FF5823AFD1800053E41E /* Info.plist */ = {isa = PBXFileReference; lastKnownFileType = text.plist.xml; path = Info.plist; sourceTree = "<group>"; };
/* End PBXFileReference section */

/* Begin PBXFrameworksBuildPhase section */
		D158FF2E23AFD17F0053E41E /* Frameworks */ = {
			isa = PBXFrameworksBuildPhase;
			buildActionMask = 2147483647;
			files = (
			);
			runOnlyForDeploymentPostprocessing = 0;
		};
		D158FF4423AFD17F0053E41E /* Frameworks */ = {
			isa = PBXFrameworksBuildPhase;
			buildActionMask = 2147483647;
			files = (
			);
			runOnlyForDeploymentPostprocessing = 0;
		};
		D158FF4F23AFD1800053E41E /* Frameworks */ = {
			isa = PBXFrameworksBuildPhase;
			buildActionMask = 2147483647;
			files = (
			);
			runOnlyForDeploymentPostprocessing = 0;
		};
/* End PBXFrameworksBuildPhase section */

/* Begin PBXGroup section */
		D158FF2823AFD17F0053E41E = {
			isa = PBXGroup;
			children = (
				D158FF3323AFD17F0053E41E /* Calculator */,
				D158FF4A23AFD17F0053E41E /* CalculatorTests */,
				D158FF5523AFD1800053E41E /* CalculatorUITests */,
				D158FF3223AFD17F0053E41E /* Products */,
			);
			sourceTree = "<group>";
		};
		D158FF3223AFD17F0053E41E /* Products */ = {
			isa = PBXGroup;
			children = (
				D158FF3123AFD17F0053E41E /* Calculator.app */,
				D158FF4723AFD17F0053E41E /* CalculatorTests.xctest */,
				D158FF5223AFD1800053E41E /* CalculatorUITests.xctest */,
			);
			name = Products;
			sourceTree = "<group>";
		};
		D158FF3323AFD17F0053E41E /* Calculator */ = {
			isa = PBXGroup;
			children = (
				D158FF3423AFD17F0053E41E /* AppDelegate.swift */,
				D158FF3623AFD17F0053E41E /* SceneDelegate.swift */,
				D158FF3823AFD17F0053E41E /* ViewController.swift */,
				D158FF3A23AFD17F0053E41E /* Main.storyboard */,
				D158FF3D23AFD17F0053E41E /* Assets.xcassets */,
				D158FF3F23AFD17F0053E41E /* LaunchScreen.storyboard */,
				D158FF4223AFD17F0053E41E /* Info.plist */,
			);
			path = Calculator;
			sourceTree = "<group>";
		};
		D158FF4A23AFD17F0053E41E /* CalculatorTests */ = {
			isa = PBXGroup;
			children = (
				D158FF4B23AFD17F0053E41E /* CalculatorTests.swift */,
				D158FF4D23AFD17F0053E41E /* Info.plist */,
			);
			path = CalculatorTests;
			sourceTree = "<group>";
		};
		D158FF5523AFD1800053E41E /* CalculatorUITests */ = {
			isa = PBXGroup;
			children = (
				D158FF5623AFD1800053E41E /* CalculatorUITests.swift */,
				D158FF5823AFD1800053E41E /* Info.plist */,
			);
			path = CalculatorUITests;
			sourceTree = "<group>";
		};
/* End PBXGroup section */

/* Begin PBXNativeTarget section */
		D158FF3023AFD17F0053E41E /* Calculator */ = {
			isa = PBXNativeTarget;
			buildConfigurationList = D158FF5B23AFD1800053E41E /* Build configuration list for PBXNativeTarget "Calculator" */;
			buildPhases = (
				D158FF2D23AFD17F0053E41E /* Sources */,
				D158FF2E23AFD17F0053E41E /* Frameworks */,
				D158FF2F23AFD17F0053E41E /* Resources */,
			);
			buildRules = (
			);
			dependencies = (
			);
			name = Calculator;
			productName = Calculator;
			productReference = D158FF3123AFD17F0053E41E /* Calculator.app */;
			productType = "com.apple.product-type.application";
		};
		D158FF4623AFD17F0053E41E /* CalculatorTests */ = {
			isa = PBXNativeTarget;
			buildConfigurationList = D158FF5E23AFD1800053E41E /* Build configuration list for PBXNativeTarget "CalculatorTests" */;
			buildPhases = (
				D158FF4323AFD17F0053E41E /* Sources */,
				D158FF4423AFD17F0053E41E /* Frameworks */,
				D158FF4523AFD17F0053E41E /* Resources */,
			);
			buildRules = (
			);
			dependencies = (
				D158FF4923AFD17F0053E41E /* PBXTargetDependency */,
			);
			name = CalculatorTests;
			productName = CalculatorTests;
			productReference = D158FF4723AFD17F0053E41E /* CalculatorTests.xctest */;
			productType = "com.apple.product-type.bundle.unit-test";
		};
		D158FF5123AFD1800053E41E /* CalculatorUITests */ = {
			isa = PBXNativeTarget;
			buildConfigurationList = D158FF6123AFD1800053E41E /* Build configuration list for PBXNativeTarget "CalculatorUITests" */;
			buildPhases = (
				D158FF4E23AFD1800053E41E /* Sources */,
				D158FF4F23AFD1800053E41E /* Frameworks */,
				D158FF5023AFD1800053E41E /* Resources */,
			);
			buildRules = (
			);
			dependencies = (
				D158FF5423AFD1800053E41E /* PBXTargetDependency */,
			);
			name = CalculatorUITests;
			productName = CalculatorUITests;
			productReference = D158FF5223AFD1800053E41E /* CalculatorUITests.xctest */;
			productType = "com.apple.product-type.bundle.ui-testing";
		};
/* End PBXNativeTarget section */

/* Begin PBXProject section */
		D158FF2923AFD17F0053E41E /* Project object */ = {
			isa = PBXProject;
			attributes = {
				LastSwiftUpdateCheck = 1130;
				LastUpgradeCheck = 1130;
				ORGANIZATIONNAME = user920617;
				TargetAttributes = {
					D158FF3023AFD17F0053E41E = {
						CreatedOnToolsVersion = 11.3;
					};
					D158FF4623AFD17F0053E41E = {
						CreatedOnToolsVersion = 11.3;
						TestTargetID = D158FF3023AFD17F0053E41E;
					};
					D158FF5123AFD1800053E41E = {
						CreatedOnToolsVersion = 11.3;
						TestTargetID = D158FF3023AFD17F0053E41E;
					};
				};
			};
			buildConfigurationList = D158FF2C23AFD17F0053E41E /* Build configuration list for PBXProject "Calculator" */;
			compatibilityVersion = "Xcode 9.3";
			developmentRegion = en;
			hasScannedForEncodings = 0;
			knownRegions = (
				en,
				Base,
			);
			mainGroup = D158FF2823AFD17F0053E41E;
			productRefGroup = D158FF3223AFD17F0053E41E /* Products */;
			projectDirPath = "";
			projectRoot = "";
			targets = (
				D158FF3023AFD17F0053E41E /* Calculator */,
				D158FF4623AFD17F0053E41E /* CalculatorTests */,
				D158FF5123AFD1800053E41E /* CalculatorUITests */,
			);
		};
/* End PBXProject section */

/* Begin PBXResourcesBuildPhase section */
		D158FF2F23AFD17F0053E41E /* Resources */ = {
			isa = PBXResourcesBuildPhase;
			buildActionMask = 2147483647;
			files = (
				D158FF4123AFD17F0053E41E /* LaunchScreen.storyboard in Resources */,
				D158FF3E23AFD17F0053E41E /* Assets.xcassets in Resources */,
				D158FF3C23AFD17F0053E41E /* Main.storyboard in Resources */,
			);
			runOnlyForDeploymentPostprocessing = 0;
		};
		D158FF4523AFD17F0053E41E /* Resources */ = {
			isa = PBXResourcesBuildPhase;
			buildActionMask = 2147483647;
			files = (
			);
			runOnlyForDeploymentPostprocessing = 0;
		};
		D158FF5023AFD1800053E41E /* Resources */ = {
			isa = PBXResourcesBuildPhase;
			buildActionMask = 2147483647;
			files = (
			);
			runOnlyForDeploymentPostprocessing = 0;
		};
/* End PBXResourcesBuildPhase section */

/* Begin PBXSourcesBuildPhase section */
		D158FF2D23AFD17F0053E41E /* Sources */ = {
			isa = PBXSourcesBuildPhase;
			buildActionMask = 2147483647;
			files = (
				D158FF3923AFD17F0053E41E /* ViewController.swift in Sources */,
				D158FF3523AFD17F0053E41E /* AppDelegate.swift in Sources */,
				D158FF3723AFD17F0053E41E /* SceneDelegate.swift in Sources */,
			);
			runOnlyForDeploymentPostprocessing = 0;
		};
		D158FF4323AFD17F0053E41E /* Sources */ = {
			isa = PBXSourcesBuildPhase;
			buildActionMask = 2147483647;
			files = (
				D158FF4C23AFD17F0053E41E /* CalculatorTests.swift in Sources */,
			);
			runOnlyForDeploymentPostprocessing = 0;
		};
		D158FF4E23AFD1800053E41E /* Sources */ = {
			isa = PBXSourcesBuildPhase;
			buildActionMask = 2147483647;
			files = (
				D158FF5723AFD1800053E41E /* CalculatorUITests.swift in Sources */,
			);
			runOnlyForDeploymentPostprocessing = 0;
		};
/* End PBXSourcesBuildPhase section */

/* Begin PBXTargetDependency section */
		D158FF4923AFD17F0053E41E /* PBXTargetDependency */ = {
			isa = PBXTargetDependency;
			target = D158FF3023AFD17F0053E41E /* Calculator */;
			targetProxy = D158FF4823AFD17F0053E41E /* PBXContainerItemProxy */;
		};
		D158FF5423AFD1800053E41E /* PBXTargetDependency */ = {
			isa = PBXTargetDependency;
			target = D158FF3023AFD17F0053E41E /* Calculator */;
			targetProxy = D158FF5323AFD1800053E41E /* PBXContainerItemProxy */;
		};
/* End PBXTargetDependency section */

/* Begin PBXVariantGroup section */
		D158FF3A23AFD17F0053E41E /* Main.storyboard */ = {
			isa = PBXVariantGroup;
			children = (
				D158FF3B23AFD17F0053E41E /* Base */,
			);
			name = Main.storyboard;
			sourceTree = "<group>";
		};
		D158FF3F23AFD17F0053E41E /* LaunchScreen.storyboard */ = {
			isa = PBXVariantGroup;
			children = (
				D158FF4023AFD17F0053E41E /* Base */,
			);
			name = LaunchScreen.storyboard;
			sourceTree = "<group>";
		};
/* End PBXVariantGroup section */

/* Begin XCBuildConfiguration section */
		D158FF5923AFD1800053E41E /* Debug */ = {
			isa = XCBuildConfiguration;
			buildSettings = {
				ALWAYS_SEARCH_USER_PATHS = NO;
				CLANG_ANALYZER_NONNULL = YES;
				CLANG_ANALYZER_NUMBER_OBJECT_CONVERSION = YES_AGGRESSIVE;
				CLANG_CXX_LANGUAGE_STANDARD = "gnu++14";
				CLANG_CXX_LIBRARY = "libc++";
				CLANG_ENABLE_MODULES = YES;
				CLANG_ENABLE_OBJC_ARC = YES;
				CLANG_ENABLE_OBJC_WEAK = YES;
				CLANG_WARN_BLOCK_CAPTURE_AUTORELEASING = YES;
				CLANG_WARN_BOOL_CONVERSION = YES;
				CLANG_WARN_COMMA = YES;
				CLANG_WARN_CONSTANT_CONVERSION = YES;
				CLANG_WARN_DEPRECATED_OBJC_IMPLEMENTATIONS = YES;
				CLANG_WARN_DIRECT_OBJC_ISA_USAGE = YES_ERROR;
				CLANG_WARN_DOCUMENTATION_COMMENTS = YES;
				CLANG_WARN_EMPTY_BODY = YES;
				CLANG_WARN_ENUM_CONVERSION = YES;
				CLANG_WARN_INFINITE_RECURSION = YES;
				CLANG_WARN_INT_CONVERSION = YES;
				CLANG_WARN_NON_LITERAL_NULL_CONVERSION = YES;
				CLANG_WARN_OBJC_IMPLICIT_RETAIN_SELF = YES;
				CLANG_WARN_OBJC_LITERAL_CONVERSION = YES;
				CLANG_WARN_OBJC_ROOT_CLASS = YES_ERROR;
				CLANG_WARN_RANGE_LOOP_ANALYSIS = YES;
				CLANG_WARN_STRICT_PROTOTYPES = YES;
				CLANG_WARN_SUSPICIOUS_MOVE = YES;
				CLANG_WARN_UNGUARDED_AVAILABILITY = YES_AGGRESSIVE;
				CLANG_WARN_UNREACHABLE_CODE = YES;
				CLANG_WARN__DUPLICATE_METHOD_MATCH = YES;
				COPY_PHASE_STRIP = NO;
				DEBUG_INFORMATION_FORMAT = dwarf;
				ENABLE_STRICT_OBJC_MSGSEND = YES;
				ENABLE_TESTABILITY = YES;
				GCC_C_LANGUAGE_STANDARD = gnu11;
				GCC_DYNAMIC_NO_PIC = NO;
				GCC_NO_COMMON_BLOCKS = YES;
				GCC_OPTIMIZATION_LEVEL = 0;
				GCC_PREPROCESSOR_DEFINITIONS = (
					"DEBUG=1",
					"$(inherited)",
				);
				GCC_WARN_64_TO_32_BIT_CONVERSION = YES;
				GCC_WARN_ABOUT_RETURN_TYPE = YES_ERROR;
				GCC_WARN_UNDECLARED_SELECTOR = YES;
				GCC_WARN_UNINITIALIZED_AUTOS = YES_AGGRESSIVE;
				GCC_WARN_UNUSED_FUNCTION = YES;
				GCC_WARN_UNUSED_VARIABLE = YES;
				IPHONEOS_DEPLOYMENT_TARGET = 13.2;
				MTL_ENABLE_DEBUG_INFO = INCLUDE_SOURCE;
				MTL_FAST_MATH = YES;
				ONLY_ACTIVE_ARCH = YES;
				SDKROOT = iphoneos;
				SWIFT_ACTIVE_COMPILATION_CONDITIONS = DEBUG;
				SWIFT_OPTIMIZATION_LEVEL = "-Onone";
			};
			name = Debug;
		};
		D158FF5A23AFD1800053E41E /* Release */ = {
			isa = XCBuildConfiguration;
			buildSettings = {
				ALWAYS_SEARCH_USER_PATHS = NO;
				CLANG_ANALYZER_NONNULL = YES;
				CLANG_ANALYZER_NUMBER_OBJECT_CONVERSION = YES_AGGRESSIVE;
				CLANG_CXX_LANGUAGE_STANDARD = "gnu++14";
				CLANG_CXX_LIBRARY = "libc++";
				CLANG_ENABLE_MODULES = YES;
				CLANG_ENABLE_OBJC_ARC = YES;
				CLANG_ENABLE_OBJC_WEAK = YES;
				CLANG_WARN_BLOCK_CAPTURE_AUTORELEASING = YES;
				CLANG_WARN_BOOL_CONVERSION = YES;
				CLANG_WARN_COMMA = YES;
				CLANG_WARN_CONSTANT_CONVERSION = YES;
				CLANG_WARN_DEPRECATED_OBJC_IMPLEMENTATIONS = YES;
				CLANG_WARN_DIRECT_OBJC_ISA_USAGE = YES_ERROR;
				CLANG_WARN_DOCUMENTATION_COMMENTS = YES;
				CLANG_WARN_EMPTY_BODY = YES;
				CLANG_WARN_ENUM_CONVERSION = YES;
				CLANG_WARN_INFINITE_RECURSION = YES;
				CLANG_WARN_INT_CONVERSION = YES;
				CLANG_WARN_NON_LITERAL_NULL_CONVERSION = YES;
				CLANG_WARN_OBJC_IMPLICIT_RETAIN_SELF = YES;
				CLANG_WARN_OBJC_LITERAL_CONVERSION = YES;
				CLANG_WARN_OBJC_ROOT_CLASS = YES_ERROR;
				CLANG_WARN_RANGE_LOOP_ANALYSIS = YES;
				CLANG_WARN_STRICT_PROTOTYPES = YES;
				CLANG_WARN_SUSPICIOUS_MOVE = YES;
				CLANG_WARN_UNGUARDED_AVAILABILITY = YES_AGGRESSIVE;
				CLANG_WARN_UNREACHABLE_CODE = YES;
				CLANG_WARN__DUPLICATE_METHOD_MATCH = YES;
				COPY_PHASE_STRIP = NO;
				DEBUG_INFORMATION_FORMAT = "dwarf-with-dsym";
				ENABLE_NS_ASSERTIONS = NO;
				ENABLE_STRICT_OBJC_MSGSEND = YES;
				GCC_C_LANGUAGE_STANDARD = gnu11;
				GCC_NO_COMMON_BLOCKS = YES;
				GCC_WARN_64_TO_32_BIT_CONVERSION = YES;
				GCC_WARN_ABOUT_RETURN_TYPE = YES_ERROR;
				GCC_WARN_UNDECLARED_SELECTOR = YES;
				GCC_WARN_UNINITIALIZED_AUTOS = YES_AGGRESSIVE;
				GCC_WARN_UNUSED_FUNCTION = YES;
				GCC_WARN_UNUSED_VARIABLE = YES;
				IPHONEOS_DEPLOYMENT_TARGET = 13.2;
				MTL_ENABLE_DEBUG_INFO = NO;
				MTL_FAST_MATH = YES;
				SDKROOT = iphoneos;
				SWIFT_COMPILATION_MODE = wholemodule;
				SWIFT_OPTIMIZATION_LEVEL = "-O";
				VALIDATE_PRODUCT = YES;
			};
			name = Release;
		};
		D158FF5C23AFD1800053E41E /* Debug */ = {
			isa = XCBuildConfiguration;
			buildSettings = {
				ASSETCATALOG_COMPILER_APPICON_NAME = AppIcon;
				CODE_SIGN_STYLE = Automatic;
				INFOPLIST_FILE = Calculator/Info.plist;
				LD_RUNPATH_SEARCH_PATHS = (
					"$(inherited)",
					"@executable_path/Frameworks",
				);
				PRODUCT_BUNDLE_IDENTIFIER = com.ildar.Calculator;
				PRODUCT_NAME = "$(TARGET_NAME)";
				SWIFT_VERSION = 5.0;
				TARGETED_DEVICE_FAMILY = "1,2";
			};
			name = Debug;
		};
		D158FF5D23AFD1800053E41E /* Release */ = {
			isa = XCBuildConfiguration;
			buildSettings = {
				ASSETCATALOG_COMPILER_APPICON_NAME = AppIcon;
				CODE_SIGN_STYLE = Automatic;
				INFOPLIST_FILE = Calculator/Info.plist;
				LD_RUNPATH_SEARCH_PATHS = (
					"$(inherited)",
					"@executable_path/Frameworks",
				);
				PRODUCT_BUNDLE_IDENTIFIER = com.ildar.Calculator;
				PRODUCT_NAME = "$(TARGET_NAME)";
				SWIFT_VERSION = 5.0;
				TARGETED_DEVICE_FAMILY = "1,2";
			};
			name = Release;
		};
		D158FF5F23AFD1800053E41E /* Debug */ = {
			isa = XCBuildConfiguration;
			buildSettings = {
				ALWAYS_EMBED_SWIFT_STANDARD_LIBRARIES = YES;
				BUNDLE_LOADER = "$(TEST_HOST)";
				CODE_SIGN_STYLE = Automatic;
				INFOPLIST_FILE = CalculatorTests/Info.plist;
				IPHONEOS_DEPLOYMENT_TARGET = 13.2;
				LD_RUNPATH_SEARCH_PATHS = (
					"$(inherited)",
					"@executable_path/Frameworks",
					"@loader_path/Frameworks",
				);
				PRODUCT_BUNDLE_IDENTIFIER = com.ildar.CalculatorTests;
				PRODUCT_NAME = "$(TARGET_NAME)";
				SWIFT_VERSION = 5.0;
				TARGETED_DEVICE_FAMILY = "1,2";
				TEST_HOST = "$(BUILT_PRODUCTS_DIR)/Calculator.app/Calculator";
			};
			name = Debug;
		};
		D158FF6023AFD1800053E41E /* Release */ = {
			isa = XCBuildConfiguration;
			buildSettings = {
				ALWAYS_EMBED_SWIFT_STANDARD_LIBRARIES = YES;
				BUNDLE_LOADER = "$(TEST_HOST)";
				CODE_SIGN_STYLE = Automatic;
				INFOPLIST_FILE = CalculatorTests/Info.plist;
				IPHONEOS_DEPLOYMENT_TARGET = 13.2;
				LD_RUNPATH_SEARCH_PATHS = (
					"$(inherited)",
					"@executable_path/Frameworks",
					"@loader_path/Frameworks",
				);
				PRODUCT_BUNDLE_IDENTIFIER = com.ildar.CalculatorTests;
				PRODUCT_NAME = "$(TARGET_NAME)";
				SWIFT_VERSION = 5.0;
				TARGETED_DEVICE_FAMILY = "1,2";
				TEST_HOST = "$(BUILT_PRODUCTS_DIR)/Calculator.app/Calculator";
			};
			name = Release;
		};
		D158FF6223AFD1800053E41E /* Debug */ = {
			isa = XCBuildConfiguration;
			buildSettings = {
				ALWAYS_EMBED_SWIFT_STANDARD_LIBRARIES = YES;
				CODE_SIGN_STYLE = Automatic;
				INFOPLIST_FILE = CalculatorUITests/Info.plist;
				LD_RUNPATH_SEARCH_PATHS = (
					"$(inherited)",
					"@executable_path/Frameworks",
					"@loader_path/Frameworks",
				);
				PRODUCT_BUNDLE_IDENTIFIER = com.ildar.CalculatorUITests;
				PRODUCT_NAME = "$(TARGET_NAME)";
				SWIFT_VERSION = 5.0;
				TARGETED_DEVICE_FAMILY = "1,2";
				TEST_TARGET_NAME = Calculator;
			};
			name = Debug;
		};
		D158FF6323AFD1800053E41E /* Release */ = {
			isa = XCBuildConfiguration;
			buildSettings = {
				ALWAYS_EMBED_SWIFT_STANDARD_LIBRARIES = YES;
				CODE_SIGN_STYLE = Automatic;
				INFOPLIST_FILE = CalculatorUITests/Info.plist;
				LD_RUNPATH_SEARCH_PATHS = (
					"$(inherited)",
					"@executable_path/Frameworks",
					"@loader_path/Frameworks",
				);
				PRODUCT_BUNDLE_IDENTIFIER = com.ildar.CalculatorUITests;
				PRODUCT_NAME = "$(TARGET_NAME)";
				SWIFT_VERSION = 5.0;
				TARGETED_DEVICE_FAMILY = "1,2";
				TEST_TARGET_NAME = Calculator;
			};
			name = Release;
		};
/* End XCBuildConfiguration section */

/* Begin XCConfigurationList section */
		D158FF2C23AFD17F0053E41E /* Build configuration list for PBXProject "Calculator" */ = {
			isa = XCConfigurationList;
			buildConfigurations = (
				D158FF5923AFD1800053E41E /* Debug */,
				D158FF5A23AFD1800053E41E /* Release */,
			);
			defaultConfigurationIsVisible = 0;
			defaultConfigurationName = Release;
		};
		D158FF5B23AFD1800053E41E /* Build configuration list for PBXNativeTarget "Calculator" */ = {
			isa = XCConfigurationList;
			buildConfigurations = (
				D158FF5C23AFD1800053E41E /* Debug */,
				D158FF5D23AFD1800053E41E /* Release */,
			);
			defaultConfigurationIsVisible = 0;
			defaultConfigurationName = Release;
		};
		D158FF5E23AFD1800053E41E /* Build configuration list for PBXNativeTarget "CalculatorTests" */ = {
			isa = XCConfigurationList;
			buildConfigurations = (
				D158FF5F23AFD1800053E41E /* Debug */,
				D158FF6023AFD1800053E41E /* Release */,
			);
			defaultConfigurationIsVisible = 0;
			defaultConfigurationName = Release;
		};
		D158FF6123AFD1800053E41E /* Build configuration list for PBXNativeTarget "CalculatorUITests" */ = {
			isa = XCConfigurationList;
			buildConfigurations = (
				D158FF6223AFD1800053E41E /* Debug */,
				D158FF6323AFD1800053E41E /* Release */,
			);
			defaultConfigurationIsVisible = 0;
			defaultConfigurationName = Release;
		};
/* End XCConfigurationList section */
	};
	rootObject = D158FF2923AFD17F0053E41E /* Project object */;
}
